{
  "lockfileVersion": 1,
  "configVersion": 0,
  "workspaces": {
    "": {
      "name": "predacted",
      "devDependencies": {
        "@preact/signals": "^2.9.2",
        "preact": "^10.29.3",
        "xhtm": "1.6.3",
      },
    },
  },
  "packages": {
    "@preact/signals": ["@preact/signals@2.9.2", "", { "dependencies": { "@preact/signals-core": "^1.14.3" }, "peerDependencies": { "preact": ">= 10.25.0 || >=11.0.0-0" } }, "sha512-DvFPISNMSh3vPqRwPa1tAVAHl85aDq4pTyNu1bTGfrKr64F3EOCHjdUl9aUdohKBf1v9PRGLYuGFcJpfztkdoQ=="],

    "@preact/signals-core": ["@preact/signals-core@1.14.3", "", {}, "sha512-m0K3vnbSLC5rHs2ZVfeAMvBtT1zIyq4mxx5OlNncSgMj5Iz6W5Rn3kPrDxAC+iIKmiVe0lSl6U37t5ZkEWoVAw=="],

    "preact": ["preact@10.29.3", "", {}, "sha512-D9NL1GAnJZhc3RndVs4gDdxEeU9TcHgywMrhhOsnpdlvFjdbx0gAsLUnH6JEhlJH5giL7Tx5biWPUSEXE/HPzw=="],

    "xhtm": ["xhtm@1.6.3", "", {}, "sha512-Aa69fd0ug32GPbjnmXQflv0ECGndvcV1j/VFYCIYS6kJ37Kcag/AzwLAscVzdUC0ltmnpxiBJmUkzv8HvLfCFQ=="],
  }
}
