{
  "name": "predacted",
  "version": "0.9.0",
  "lockfileVersion": 3,
  "requires": true,
  "packages": {
    "": {
      "name": "predacted",
      "version": "0.9.0",
      "devDependencies": {
        "@preact/signals": "^2.8.1",
        "preact": "^10.28.4",
        "xhtm": "1.6.3"
      }
    },
    "node_modules/@preact/signals": {
      "version": "2.8.1",
      "resolved": "https://registry.npmjs.org/@preact/signals/-/signals-2.8.1.tgz",
      "integrity": "sha512-wX6U0SpcCukZTJBs5ChljvBZb3XmYzA5gd4vKHgX8wZZKaQCo2WHtmThdLx+mcVvlBa5u3XShC7ffbETJD4BiQ==",
      "dev": true,
      "license": "MIT",
      "dependencies": {
        "@preact/signals-core": "^1.13.0"
      },
      "funding": {
        "type": "opencollective",
        "url": "https://opencollective.com/preact"
      },
      "peerDependencies": {
        "preact": ">= 10.25.0 || >=11.0.0-0"
      }
    },
    "node_modules/@preact/signals-core": {
      "version": "1.13.0",
      "resolved": "https://registry.npmjs.org/@preact/signals-core/-/signals-core-1.13.0.tgz",
      "integrity": "sha512-slT6XeTCAbdql61GVLlGU4x7XHI7kCZV5Um5uhE4zLX4ApgiiXc0UYFvVOKq06xcovzp7p+61l68oPi563ARKg==",
      "dev": true,
      "license": "MIT",
      "funding": {
        "type": "opencollective",
        "url": "https://opencollective.com/preact"
      }
    },
    "node_modules/preact": {
      "version": "10.28.4",
      "resolved": "https://registry.npmjs.org/preact/-/preact-10.28.4.tgz",
      "integrity": "sha512-uKFfOHWuSNpRFVTnljsCluEFq57OKT+0QdOiQo8XWnQ/pSvg7OpX5eNOejELXJMWy+BwM2nobz0FkvzmnpCNsQ==",
      "dev": true,
      "license": "MIT",
      "funding": {
        "type": "opencollective",
        "url": "https://opencollective.com/preact"
      }
    },
    "node_modules/xhtm": {
      "version": "1.6.3",
      "resolved": "https://registry.npmjs.org/xhtm/-/xhtm-1.6.3.tgz",
      "integrity": "sha512-Aa69fd0ug32GPbjnmXQflv0ECGndvcV1j/VFYCIYS6kJ37Kcag/AzwLAscVzdUC0ltmnpxiBJmUkzv8HvLfCFQ==",
      "dev": true,
      "license": "MIT"
    }
  }
}
